
Microsoft Visual Studio Solution File, Format Version 12.00
# Visual Studio Version 17
VisualStudioVersion = 17.10.35013.160
MinimumVisualStudioVersion = 10.0.40219.1
Project("{FAE04EC0-301F-11D3-BF4B-00C04F79EFBC}") = "WhoIsElder", "WhoIsElder.csproj", "{96B73E55-B98D-438E-8E8E-F7FDDB4B0C01}"
EndProject
Global
	GlobalSection(SolutionConfigurationPlatforms) = preSolution
		Debug|Any CPU = Debug|Any CPU
		Release|Any CPU = Release|Any CPU
	EndGlobalSection
	GlobalSection(ProjectConfigurationPlatforms) = postSolution
		{96B73E55-B98D-438E-8E8E-F7FDDB4B0C01}.Debug|Any CPU.ActiveCfg = Debug|Any CPU
		{96B73E55-B98D-438E-8E8E-F7FDDB4B0C01}.Debug|Any CPU.Build.0 = Debug|Any CPU
		{96B73E55-B98D-438E-8E8E-F7FDDB4B0C01}.Release|Any CPU.ActiveCfg = Release|Any CPU
		{96B73E55-B98D-438E-8E8E-F7FDDB4B0C01}.Release|Any CPU.Build.0 = Release|Any CPU
	EndGlobalSection
	GlobalSection(SolutionProperties) = preSolution
		HideSolutionNode = FALSE
	EndGlobalSection
	GlobalSection(ExtensibilityGlobals) = postSolution
		SolutionGuid = {088B351F-3802-4E7A-A2B6-256053C44952}
	EndGlobalSection
EndGlobal
